
Microsoft Visual Studio Solution File, Format Version 12.00
# Visual Studio Version 16
VisualStudioVersion = 16.0.29123.88
MinimumVisualStudioVersion = 10.0.40219.1
Project("{FAE04EC0-301F-11D3-BF4B-00C04F79EFBC}") = "exercicio_08", "exercicio_08\exercicio_08.csproj", "{8470952C-DD81-471B-A2B2-6E58D2085554}"
EndProject
Global
	GlobalSection(SolutionConfigurationPlatforms) = preSolution
		Debug|Any CPU = Debug|Any CPU
		Release|Any CPU = Release|Any CPU
	EndGlobalSection
	GlobalSection(ProjectConfigurationPlatforms) = postSolution
		{8470952C-DD81-471B-A2B2-6E58D2085554}.Debug|Any CPU.ActiveCfg = Debug|Any CPU
		{8470952C-DD81-471B-A2B2-6E58D2085554}.Debug|Any CPU.Build.0 = Debug|Any CPU
		{8470952C-DD81-471B-A2B2-6E58D2085554}.Release|Any CPU.ActiveCfg = Release|Any CPU
		{8470952C-DD81-471B-A2B2-6E58D2085554}.Release|Any CPU.Build.0 = Release|Any CPU
	EndGlobalSection
	GlobalSection(SolutionProperties) = preSolution
		HideSolutionNode = FALSE
	EndGlobalSection
	GlobalSection(ExtensibilityGlobals) = postSolution
		SolutionGuid = {062F7E67-DE03-48D6-85A5-20F1A950940B}
	EndGlobalSection
EndGlobal
